
Microsoft Visual Studio Solution File, Format Version 12.00
# Visual Studio 15
VisualStudioVersion = 15.0.27428.2002
MinimumVisualStudioVersion = 10.0.40219.1
Project("{FAE04EC0-301F-11D3-BF4B-00C04F79EFBC}") = "DynamicsNAVMaps", "DynamicsNAVMaps\DynamicsNAVMaps.csproj", "{44DBD234-F9F2-4FE6-8364-C26A6BD0DD04}"
EndProject
Global
	GlobalSection(SolutionConfigurationPlatforms) = preSolution
		Debug|Any CPU = Debug|Any CPU
		Release|Any CPU = Release|Any CPU
	EndGlobalSection
	GlobalSection(ProjectConfigurationPlatforms) = postSolution
		{44DBD234-F9F2-4FE6-8364-C26A6BD0DD04}.Debug|Any CPU.ActiveCfg = Debug|Any CPU
		{44DBD234-F9F2-4FE6-8364-C26A6BD0DD04}.Debug|Any CPU.Build.0 = Debug|Any CPU
		{44DBD234-F9F2-4FE6-8364-C26A6BD0DD04}.Release|Any CPU.ActiveCfg = Release|Any CPU
		{44DBD234-F9F2-4FE6-8364-C26A6BD0DD04}.Release|Any CPU.Build.0 = Release|Any CPU
	EndGlobalSection
	GlobalSection(SolutionProperties) = preSolution
		HideSolutionNode = FALSE
	EndGlobalSection
	GlobalSection(ExtensibilityGlobals) = postSolution
		SolutionGuid = {F00C01B8-D92D-4198-9369-2B7B011F6519}
	EndGlobalSection
EndGlobal
